
Microsoft Visual Studio Solution File, Format Version 12.00
# Visual Studio 2012
Project("{891D21A7-257D-47C5-BAC7-8FD2049A8DE9}") = "Org.Roylance.Yadel.Api", "Org.Roylance.Yadel.Api.xproj", "{8A436A55-45F1-42CF-B9C2-D6D0C676027A}"
EndProject
Global
	GlobalSection(SolutionConfigurationPlatforms) = preSolution
		Debug|Any CPU = Debug|Any CPU
		Release|Any CPU = Release|Any CPU
	EndGlobalSection
	GlobalSection(ProjectConfigurationPlatforms) = postSolution
		{8A436A55-45F1-42CF-B9C2-D6D0C676027A}.Debug|Any CPU.ActiveCfg = Debug|Any CPU
		{8A436A55-45F1-42CF-B9C2-D6D0C676027A}.Debug|Any CPU.Build.0 = Debug|Any CPU
		{8A436A55-45F1-42CF-B9C2-D6D0C676027A}.Release|Any CPU.ActiveCfg = Release|Any CPU
		{8A436A55-45F1-42CF-B9C2-D6D0C676027A}.Release|Any CPU.Build.0 = Release|Any CPU
	EndGlobalSection
EndGlobal
