
Microsoft Visual Studio Solution File, Format Version 12.00
# Visual Studio 2012
Project("{09E66919-D1DB-47C2-8E82-6CD38E43B6BA}") = "Org.Roylance.Yadel.Api", "Org.Roylance.Yadel.Api.xproj", "{2AD34681-B346-4446-9319-CB329C12478D}"
EndProject
Global
	GlobalSection(SolutionConfigurationPlatforms) = preSolution
		Debug|Any CPU = Debug|Any CPU
		Release|Any CPU = Release|Any CPU
	EndGlobalSection
	GlobalSection(ProjectConfigurationPlatforms) = postSolution
		{2AD34681-B346-4446-9319-CB329C12478D}.Debug|Any CPU.ActiveCfg = Debug|Any CPU
		{2AD34681-B346-4446-9319-CB329C12478D}.Debug|Any CPU.Build.0 = Debug|Any CPU
		{2AD34681-B346-4446-9319-CB329C12478D}.Release|Any CPU.ActiveCfg = Release|Any CPU
		{2AD34681-B346-4446-9319-CB329C12478D}.Release|Any CPU.Build.0 = Release|Any CPU
	EndGlobalSection
EndGlobal
